// !$*UTF8*$!
{
	archiveVersion = 1;
	classes = {
	};
	objectVersion = 46;
	objects = {

/* Begin PBXBuildFile section */
		6C570B311BF10FC1003285EB /* AppDelegate.swift in Sources */ = {isa = PBXBuildFile; fileRef = 6C570B301BF10FC1003285EB /* AppDelegate.swift */; };
		6C570B331BF10FC1003285EB /* ViewController.swift in Sources */ = {isa = PBXBuildFile; fileRef = 6C570B321BF10FC1003285EB /* ViewController.swift */; };
		6C570B361BF10FC1003285EB /* Main.storyboard in Resources */ = {isa = PBXBuildFile; fileRef = 6C570B341BF10FC1003285EB /* Main.storyboard */; };
		6C570B381BF10FC1003285EB /* Assets.xcassets in Resources */ = {isa = PBXBuildFile; fileRef = 6C570B371BF10FC1003285EB /* Assets.xcassets */; };
		6C570B3B1BF10FC1003285EB /* LaunchScreen.storyboard in Resources */ = {isa = PBXBuildFile; fileRef = 6C570B391BF10FC1003285EB /* LaunchScreen.storyboard */; };
		6C570B431BF13DA0003285EB /* DetailViewController.swift in Sources */ = {isa = PBXBuildFile; fileRef = 6C570B421BF13DA0003285EB /* DetailViewController.swift */; };
/* End PBXBuildFile section */

/* Begin PBXFileReference section */
		6C570B2D1BF10FC1003285EB /* Manhattan.app */ = {isa = PBXFileReference; explicitFileType = wrapper.application; includeInIndex = 0; path = Manhattan.app; sourceTree = BUILT_PRODUCTS_DIR; };
		6C570B301BF10FC1003285EB /* AppDelegate.swift */ = {isa = PBXFileReference; lastKnownFileType = sourcecode.swift; path = AppDelegate.swift; sourceTree = "<group>"; };
		6C570B321BF10FC1003285EB /* ViewController.swift */ = {isa = PBXFileReference; lastKnownFileType = sourcecode.swift; path = ViewController.swift; sourceTree = "<group>"; };
		6C570B351BF10FC1003285EB /* Base */ = {isa = PBXFileReference; lastKnownFileType = file.storyboard; name = Base; path = Base.lproj/Main.storyboard; sourceTree = "<group>"; };
		6C570B371BF10FC1003285EB /* Assets.xcassets */ = {isa = PBXFileReference; lastKnownFileType = folder.assetcatalog; path = Assets.xcassets; sourceTree = "<group>"; };
		6C570B3A1BF10FC1003285EB /* Base */ = {isa = PBXFileReference; lastKnownFileType = file.storyboard; name = Base; path = Base.lproj/LaunchScreen.storyboard; sourceTree = "<group>"; };
		6C570B3C1BF10FC1003285EB /* Info.plist */ = {isa = PBXFileReference; lastKnownFileType = text.plist.xml; path = Info.plist; sourceTree = "<group>"; };
		6C570B421BF13DA0003285EB /* DetailViewController.swift */ = {isa = PBXFileReference; fileEncoding = 4; lastKnownFileType = sourcecode.swift; path = DetailViewController.swift; sourceTree = "<group>"; };
/* End PBXFileReference section */

/* Begin PBXFrameworksBuildPhase section */
		6C570B2A1BF10FC1003285EB /* Frameworks */ = {
			isa = PBXFrameworksBuildPhase;
			buildActionMask = 2147483647;
			files = (
			);
			runOnlyForDeploymentPostprocessing = 0;
		};
/* End PBXFrameworksBuildPhase section */

/* Begin PBXGroup section */
		6C570B241BF10FC1003285EB = {
			isa = PBXGroup;
			children = (
				6C570B2F1BF10FC1003285EB /* Manhattan */,
				6C570B2E1BF10FC1003285EB /* Products */,
			);
			sourceTree = "<group>";
		};
		6C570B2E1BF10FC1003285EB /* Products */ = {
			isa = PBXGroup;
			children = (
				6C570B2D1BF10FC1003285EB /* Manhattan.app */,
			);
			name = Products;
			sourceTree = "<group>";
		};
		6C570B2F1BF10FC1003285EB /* Manhattan */ = {
			isa = PBXGroup;
			children = (
				6C570B301BF10FC1003285EB /* AppDelegate.swift */,
				6C570B321BF10FC1003285EB /* ViewController.swift */,
				6C570B421BF13DA0003285EB /* DetailViewController.swift */,
				6C570B341BF10FC1003285EB /* Main.storyboard */,
				6C570B371BF10FC1003285EB /* Assets.xcassets */,
				6C570B391BF10FC1003285EB /* LaunchScreen.storyboard */,
				6C570B3C1BF10FC1003285EB /* Info.plist */,
			);
			path = Manhattan;
			sourceTree = "<group>";
		};
/* End PBXGroup section */

/* Begin PBXNativeTarget section */
		6C570B2C1BF10FC1003285EB /* Manhattan */ = {
			isa = PBXNativeTarget;
			buildConfigurationList = 6C570B3F1BF10FC1003285EB /* Build configuration list for PBXNativeTarget "Manhattan" */;
			buildPhases = (
				6C570B291BF10FC1003285EB /* Sources */,
				6C570B2A1BF10FC1003285EB /* Frameworks */,
				6C570B2B1BF10FC1003285EB /* Resources */,
			);
			buildRules = (
			);
			dependencies = (
			);
			name = Manhattan;
			productName = Manhattan;
			productReference = 6C570B2D1BF10FC1003285EB /* Manhattan.app */;
			productType = "com.apple.product-type.application";
		};
/* End PBXNativeTarget section */

/* Begin PBXProject section */
		6C570B251BF10FC1003285EB /* Project object */ = {
			isa = PBXProject;
			attributes = {
				LastSwiftUpdateCheck = 0710;
				LastUpgradeCheck = 0710;
				ORGANIZATIONNAME = "Dulio Denis";
				TargetAttributes = {
					6C570B2C1BF10FC1003285EB = {
						CreatedOnToolsVersion = 7.1;
					};
				};
			};
			buildConfigurationList = 6C570B281BF10FC1003285EB /* Build configuration list for PBXProject "Manhattan" */;
			compatibilityVersion = "Xcode 3.2";
			developmentRegion = English;
			hasScannedForEncodings = 0;
			knownRegions = (
				en,
				Base,
			);
			mainGroup = 6C570B241BF10FC1003285EB;
			productRefGroup = 6C570B2E1BF10FC1003285EB /* Products */;
			projectDirPath = "";
			projectRoot = "";
			targets = (
				6C570B2C1BF10FC1003285EB /* Manhattan */,
			);
		};
/* End PBXProject section */

/* Begin PBXResourcesBuildPhase section */
		6C570B2B1BF10FC1003285EB /* Resources */ = {
			isa = PBXResourcesBuildPhase;
			buildActionMask = 2147483647;
			files = (
				6C570B3B1BF10FC1003285EB /* LaunchScreen.storyboard in Resources */,
				6C570B381BF10FC1003285EB /* Assets.xcassets in Resources */,
				6C570B361BF10FC1003285EB /* Main.storyboard in Resources */,
			);
			runOnlyForDeploymentPostprocessing = 0;
		};
/* End PBXResourcesBuildPhase section */

/* Begin PBXSourcesBuildPhase section */
		6C570B291BF10FC1003285EB /* Sources */ = {
			isa = PBXSourcesBuildPhase;
			buildActionMask = 2147483647;
			files = (
				6C570B431BF13DA0003285EB /* DetailViewController.swift in Sources */,
				6C570B331BF10FC1003285EB /* ViewController.swift in Sources */,
				6C570B311BF10FC1003285EB /* AppDelegate.swift in Sources */,
			);
			runOnlyForDeploymentPostprocessing = 0;
		};
/* End PBXSourcesBuildPhase section */

/* Begin PBXVariantGroup section */
		6C570B341BF10FC1003285EB /* Main.storyboard */ = {
			isa = PBXVariantGroup;
			children = (
				6C570B351BF10FC1003285EB /* Base */,
			);
			name = Main.storyboard;
			sourceTree = "<group>";
		};
		6C570B391BF10FC1003285EB /* LaunchScreen.storyboard */ = {
			isa = PBXVariantGroup;
			children = (
				6C570B3A1BF10FC1003285EB /* Base */,
			);
			name = LaunchScreen.storyboard;
			sourceTree = "<group>";
		};
/* End PBXVariantGroup section */

/* Begin XCBuildConfiguration section */
		6C570B3D1BF10FC1003285EB /* Debug */ = {
			isa = XCBuildConfiguration;
			buildSettings = {
				ALWAYS_SEARCH_USER_PATHS = NO;
				CLANG_CXX_LANGUAGE_STANDARD = "gnu++0x";
				CLANG_CXX_LIBRARY = "libc++";
				CLANG_ENABLE_MODULES = YES;
				CLANG_ENABLE_OBJC_ARC = YES;
				CLANG_WARN_BOOL_CONVERSION = YES;
				CLANG_WARN_CONSTANT_CONVERSION = YES;
				CLANG_WARN_DIRECT_OBJC_ISA_USAGE = YES_ERROR;
				CLANG_WARN_EMPTY_BODY = YES;
				CLANG_WARN_ENUM_CONVERSION = YES;
				CLANG_WARN_INT_CONVERSION = YES;
				CLANG_WARN_OBJC_ROOT_CLASS = YES_ERROR;
				CLANG_WARN_UNREACHABLE_CODE = YES;
				CLANG_WARN__DUPLICATE_METHOD_MATCH = YES;
				"CODE_SIGN_IDENTITY[sdk=iphoneos*]" = "iPhone Developer";
				COPY_PHASE_STRIP = NO;
				DEBUG_INFORMATION_FORMAT = dwarf;
				ENABLE_STRICT_OBJC_MSGSEND = YES;
				ENABLE_TESTABILITY = YES;
				GCC_C_LANGUAGE_STANDARD = gnu99;
				GCC_DYNAMIC_NO_PIC = NO;
				GCC_NO_COMMON_BLOCKS = YES;
				GCC_OPTIMIZATION_LEVEL = 0;
				GCC_PREPROCESSOR_DEFINITIONS = (
					"DEBUG=1",
					"$(inherited)",
				);
				GCC_WARN_64_TO_32_BIT_CONVERSION = YES;
				GCC_WARN_ABOUT_RETURN_TYPE = YES_ERROR;
				GCC_WARN_UNDECLARED_SELECTOR = YES;
				GCC_WARN_UNINITIALIZED_AUTOS = YES_AGGRESSIVE;
				GCC_WARN_UNUSED_FUNCTION = YES;
				GCC_WARN_UNUSED_VARIABLE = YES;
				IPHONEOS_DEPLOYMENT_TARGET = 9.1;
				MTL_ENABLE_DEBUG_INFO = YES;
				ONLY_ACTIVE_ARCH = YES;
				SDKROOT = iphoneos;
				SWIFT_OPTIMIZATION_LEVEL = "-Onone";
				TARGETED_DEVICE_FAMILY = "1,2";
			};
			name = Debug;
		};
		6C570B3E1BF10FC1003285EB /* Release */ = {
			isa = XCBuildConfiguration;
			buildSettings = {
				ALWAYS_SEARCH_USER_PATHS = NO;
				CLANG_CXX_LANGUAGE_STANDARD = "gnu++0x";
				CLANG_CXX_LIBRARY = "libc++";
				CLANG_ENABLE_MODULES = YES;
				CLANG_ENABLE_OBJC_ARC = YES;
				CLANG_WARN_BOOL_CONVERSION = YES;
				CLANG_WARN_CONSTANT_CONVERSION = YES;
				CLANG_WARN_DIRECT_OBJC_ISA_USAGE = YES_ERROR;
				CLANG_WARN_EMPTY_BODY = YES;
				CLANG_WARN_ENUM_CONVERSION = YES;
				CLANG_WARN_INT_CONVERSION = YES;
				CLANG_WARN_OBJC_ROOT_CLASS = YES_ERROR;
				CLANG_WARN_UNREACHABLE_CODE = YES;
				CLANG_WARN__DUPLICATE_METHOD_MATCH = YES;
				"CODE_SIGN_IDENTITY[sdk=iphoneos*]" = "iPhone Developer";
				COPY_PHASE_STRIP = NO;
				DEBUG_INFORMATION_FORMAT = "dwarf-with-dsym";
				ENABLE_NS_ASSERTIONS = NO;
				ENABLE_STRICT_OBJC_MSGSEND = YES;
				GCC_C_LANGUAGE_STANDARD = gnu99;
				GCC_NO_COMMON_BLOCKS = YES;
				GCC_WARN_64_TO_32_BIT_CONVERSION = YES;
				GCC_WARN_ABOUT_RETURN_TYPE = YES_ERROR;
				GCC_WARN_UNDECLARED_SELECTOR = YES;
				GCC_WARN_UNINITIALIZED_AUTOS = YES_AGGRESSIVE;
				GCC_WARN_UNUSED_FUNCTION = YES;
				GCC_WARN_UNUSED_VARIABLE = YES;
				IPHONEOS_DEPLOYMENT_TARGET = 9.1;
				MTL_ENABLE_DEBUG_INFO = NO;
				SDKROOT = iphoneos;
				TARGETED_DEVICE_FAMILY = "1,2";
				VALIDATE_PRODUCT = YES;
			};
			name = Release;
		};
		6C570B401BF10FC1003285EB /* Debug */ = {
			isa = XCBuildConfiguration;
			buildSettings = {
				ASSETCATALOG_COMPILER_APPICON_NAME = AppIcon;
				INFOPLIST_FILE = Manhattan/Info.plist;
				LD_RUNPATH_SEARCH_PATHS = "$(inherited) @executable_path/Frameworks";
				PRODUCT_BUNDLE_IDENTIFIER = co.ddapps.Manhattan;
				PRODUCT_NAME = "$(TARGET_NAME)";
			};
			name = Debug;
		};
		6C570B411BF10FC1003285EB /* Release */ = {
			isa = XCBuildConfiguration;
			buildSettings = {
				ASSETCATALOG_COMPILER_APPICON_NAME = AppIcon;
				INFOPLIST_FILE = Manhattan/Info.plist;
				LD_RUNPATH_SEARCH_PATHS = "$(inherited) @executable_path/Frameworks";
				PRODUCT_BUNDLE_IDENTIFIER = co.ddapps.Manhattan;
				PRODUCT_NAME = "$(TARGET_NAME)";
			};
			name = Release;
		};
/* End XCBuildConfiguration section */

/* Begin XCConfigurationList section */
		6C570B281BF10FC1003285EB /* Build configuration list for PBXProject "Manhattan" */ = {
			isa = XCConfigurationList;
			buildConfigurations = (
				6C570B3D1BF10FC1003285EB /* Debug */,
				6C570B3E1BF10FC1003285EB /* Release */,
			);
			defaultConfigurationIsVisible = 0;
			defaultConfigurationName = Release;
		};
		6C570B3F1BF10FC1003285EB /* Build configuration list for PBXNativeTarget "Manhattan" */ = {
			isa = XCConfigurationList;
			buildConfigurations = (
				6C570B401BF10FC1003285EB /* Debug */,
				6C570B411BF10FC1003285EB /* Release */,
			);
			defaultConfigurationIsVisible = 0;
			defaultConfigurationName = Release;
		};
/* End XCConfigurationList section */
	};
	rootObject = 6C570B251BF10FC1003285EB /* Project object */;
}
